// !$*UTF8*$!
{
	archiveVersion = 1;
	classes = {
	};
	objectVersion = 56;
	objects = {

/* Begin PBXBuildFile section */
		66760CF129EA7984003755DA /* AppDelegate.swift in Sources */ = {isa = PBXBuildFile; fileRef = 66760CF029EA7984003755DA /* AppDelegate.swift */; };
		66760CF329EA7984003755DA /* SceneDelegate.swift in Sources */ = {isa = PBXBuildFile; fileRef = 66760CF229EA7984003755DA /* SceneDelegate.swift */; };
		66760CF829EA7984003755DA /* Main.storyboard in Resources */ = {isa = PBXBuildFile; fileRef = 66760CF629EA7984003755DA /* Main.storyboard */; };
		66760CFA29EA7987003755DA /* Assets.xcassets in Resources */ = {isa = PBXBuildFile; fileRef = 66760CF929EA7987003755DA /* Assets.xcassets */; };
		66760CFD29EA7987003755DA /* LaunchScreen.storyboard in Resources */ = {isa = PBXBuildFile; fileRef = 66760CFB29EA7987003755DA /* LaunchScreen.storyboard */; };
		66760D0829EA7988003755DA /* TMDB_AssignmentTests.swift in Sources */ = {isa = PBXBuildFile; fileRef = 66760D0729EA7988003755DA /* TMDB_AssignmentTests.swift */; };
		66760D1229EA7988003755DA /* TMDB_AssignmentUITests.swift in Sources */ = {isa = PBXBuildFile; fileRef = 66760D1129EA7988003755DA /* TMDB_AssignmentUITests.swift */; };
		66760D1429EA7988003755DA /* TMDB_AssignmentUITestsLaunchTests.swift in Sources */ = {isa = PBXBuildFile; fileRef = 66760D1329EA7988003755DA /* TMDB_AssignmentUITestsLaunchTests.swift */; };
		66760D2829EA7E22003755DA /* MoviesListViewController.swift in Sources */ = {isa = PBXBuildFile; fileRef = 66760D2729EA7E22003755DA /* MoviesListViewController.swift */; };
		66760D4129EA811E003755DA /* Constants.swift in Sources */ = {isa = PBXBuildFile; fileRef = 66760D3B29EA811D003755DA /* Constants.swift */; };
		66760D4229EA811E003755DA /* ENUMs.swift in Sources */ = {isa = PBXBuildFile; fileRef = 66760D3C29EA811D003755DA /* ENUMs.swift */; };
		66760D4329EA811E003755DA /* Common.swift in Sources */ = {isa = PBXBuildFile; fileRef = 66760D3D29EA811D003755DA /* Common.swift */; };
		66760D4529EA811E003755DA /* Router.swift in Sources */ = {isa = PBXBuildFile; fileRef = 66760D3F29EA811E003755DA /* Router.swift */; };
		66760D4629EA811E003755DA /* ModeSelection.swift in Sources */ = {isa = PBXBuildFile; fileRef = 66760D4029EA811E003755DA /* ModeSelection.swift */; };
		66760D5029EA834F003755DA /* C-URL+Credentials.swift in Sources */ = {isa = PBXBuildFile; fileRef = 66760D4829EA834C003755DA /* C-URL+Credentials.swift */; };
		66760D5129EA834F003755DA /* ReachabilityTest.swift in Sources */ = {isa = PBXBuildFile; fileRef = 66760D4929EA834C003755DA /* ReachabilityTest.swift */; };
		66760D5229EA834F003755DA /* NetworkService.swift in Sources */ = {isa = PBXBuildFile; fileRef = 66760D4A29EA834D003755DA /* NetworkService.swift */; };
		66760D5729EA834F003755DA /* WebService.swift in Sources */ = {isa = PBXBuildFile; fileRef = 66760D4F29EA834F003755DA /* WebService.swift */; };
		66760D5929EA84DB003755DA /* GeneralModels.swift in Sources */ = {isa = PBXBuildFile; fileRef = 66760D5829EA84DB003755DA /* GeneralModels.swift */; };
		66760D5C29EA8548003755DA /* Encodable+Extension.swift in Sources */ = {isa = PBXBuildFile; fileRef = 66760D5B29EA8548003755DA /* Encodable+Extension.swift */; };
		66760D5E29EA8642003755DA /* NSObject+Extension.swift in Sources */ = {isa = PBXBuildFile; fileRef = 66760D5D29EA8642003755DA /* NSObject+Extension.swift */; };
		66760D6029EA89DD003755DA /* GetPopularMoviesResponseModel.swift in Sources */ = {isa = PBXBuildFile; fileRef = 66760D5F29EA89DD003755DA /* GetPopularMoviesResponseModel.swift */; };
		66760D6229EA8E03003755DA /* UIViewController+Extension.swift in Sources */ = {isa = PBXBuildFile; fileRef = 66760D6129EA8E03003755DA /* UIViewController+Extension.swift */; };
		66760D6429EA8E9A003755DA /* String+Extension.swift in Sources */ = {isa = PBXBuildFile; fileRef = 66760D6329EA8E9A003755DA /* String+Extension.swift */; };
/* End PBXBuildFile section */

/* Begin PBXContainerItemProxy section */
		66760D0429EA7988003755DA /* PBXContainerItemProxy */ = {
			isa = PBXContainerItemProxy;
			containerPortal = 66760CE529EA7984003755DA /* Project object */;
			proxyType = 1;
			remoteGlobalIDString = 66760CEC29EA7984003755DA;
			remoteInfo = "TMDB Assignment";
		};
		66760D0E29EA7988003755DA /* PBXContainerItemProxy */ = {
			isa = PBXContainerItemProxy;
			containerPortal = 66760CE529EA7984003755DA /* Project object */;
			proxyType = 1;
			remoteGlobalIDString = 66760CEC29EA7984003755DA;
			remoteInfo = "TMDB Assignment";
		};
/* End PBXContainerItemProxy section */

/* Begin PBXFileReference section */
		66760CED29EA7984003755DA /* TMDB Assignment.app */ = {isa = PBXFileReference; explicitFileType = wrapper.application; includeInIndex = 0; path = "TMDB Assignment.app"; sourceTree = BUILT_PRODUCTS_DIR; };
		66760CF029EA7984003755DA /* AppDelegate.swift */ = {isa = PBXFileReference; lastKnownFileType = sourcecode.swift; path = AppDelegate.swift; sourceTree = "<group>"; };
		66760CF229EA7984003755DA /* SceneDelegate.swift */ = {isa = PBXFileReference; lastKnownFileType = sourcecode.swift; path = SceneDelegate.swift; sourceTree = "<group>"; };
		66760CF729EA7984003755DA /* Base */ = {isa = PBXFileReference; lastKnownFileType = file.storyboard; name = Base; path = Base.lproj/Main.storyboard; sourceTree = "<group>"; };
		66760CF929EA7987003755DA /* Assets.xcassets */ = {isa = PBXFileReference; lastKnownFileType = folder.assetcatalog; path = Assets.xcassets; sourceTree = "<group>"; };
		66760CFC29EA7987003755DA /* Base */ = {isa = PBXFileReference; lastKnownFileType = file.storyboard; name = Base; path = Base.lproj/LaunchScreen.storyboard; sourceTree = "<group>"; };
		66760CFE29EA7987003755DA /* Info.plist */ = {isa = PBXFileReference; lastKnownFileType = text.plist.xml; path = Info.plist; sourceTree = "<group>"; };
		66760D0329EA7988003755DA /* TMDB AssignmentTests.xctest */ = {isa = PBXFileReference; explicitFileType = wrapper.cfbundle; includeInIndex = 0; path = "TMDB AssignmentTests.xctest"; sourceTree = BUILT_PRODUCTS_DIR; };
		66760D0729EA7988003755DA /* TMDB_AssignmentTests.swift */ = {isa = PBXFileReference; lastKnownFileType = sourcecode.swift; path = TMDB_AssignmentTests.swift; sourceTree = "<group>"; };
		66760D0D29EA7988003755DA /* TMDB AssignmentUITests.xctest */ = {isa = PBXFileReference; explicitFileType = wrapper.cfbundle; includeInIndex = 0; path = "TMDB AssignmentUITests.xctest"; sourceTree = BUILT_PRODUCTS_DIR; };
		66760D1129EA7988003755DA /* TMDB_AssignmentUITests.swift */ = {isa = PBXFileReference; lastKnownFileType = sourcecode.swift; path = TMDB_AssignmentUITests.swift; sourceTree = "<group>"; };
		66760D1329EA7988003755DA /* TMDB_AssignmentUITestsLaunchTests.swift */ = {isa = PBXFileReference; lastKnownFileType = sourcecode.swift; path = TMDB_AssignmentUITestsLaunchTests.swift; sourceTree = "<group>"; };
		66760D2729EA7E22003755DA /* MoviesListViewController.swift */ = {isa = PBXFileReference; lastKnownFileType = sourcecode.swift; path = MoviesListViewController.swift; sourceTree = "<group>"; };
		66760D3B29EA811D003755DA /* Constants.swift */ = {isa = PBXFileReference; fileEncoding = 4; lastKnownFileType = sourcecode.swift; path = Constants.swift; sourceTree = "<group>"; };
		66760D3C29EA811D003755DA /* ENUMs.swift */ = {isa = PBXFileReference; fileEncoding = 4; lastKnownFileType = sourcecode.swift; path = ENUMs.swift; sourceTree = "<group>"; };
		66760D3D29EA811D003755DA /* Common.swift */ = {isa = PBXFileReference; fileEncoding = 4; lastKnownFileType = sourcecode.swift; path = Common.swift; sourceTree = "<group>"; };
		66760D3F29EA811E003755DA /* Router.swift */ = {isa = PBXFileReference; fileEncoding = 4; lastKnownFileType = sourcecode.swift; path = Router.swift; sourceTree = "<group>"; };
		66760D4029EA811E003755DA /* ModeSelection.swift */ = {isa = PBXFileReference; fileEncoding = 4; lastKnownFileType = sourcecode.swift; path = ModeSelection.swift; sourceTree = "<group>"; };
		66760D4829EA834C003755DA /* C-URL+Credentials.swift */ = {isa = PBXFileReference; fileEncoding = 4; lastKnownFileType = sourcecode.swift; path = "C-URL+Credentials.swift"; sourceTree = "<group>"; };
		66760D4929EA834C003755DA /* ReachabilityTest.swift */ = {isa = PBXFileReference; fileEncoding = 4; lastKnownFileType = sourcecode.swift; path = ReachabilityTest.swift; sourceTree = "<group>"; };
		66760D4A29EA834D003755DA /* NetworkService.swift */ = {isa = PBXFileReference; fileEncoding = 4; lastKnownFileType = sourcecode.swift; path = NetworkService.swift; sourceTree = "<group>"; };
		66760D4F29EA834F003755DA /* WebService.swift */ = {isa = PBXFileReference; fileEncoding = 4; lastKnownFileType = sourcecode.swift; path = WebService.swift; sourceTree = "<group>"; };
		66760D5829EA84DB003755DA /* GeneralModels.swift */ = {isa = PBXFileReference; lastKnownFileType = sourcecode.swift; path = GeneralModels.swift; sourceTree = "<group>"; };
		66760D5B29EA8548003755DA /* Encodable+Extension.swift */ = {isa = PBXFileReference; lastKnownFileType = sourcecode.swift; path = "Encodable+Extension.swift"; sourceTree = "<group>"; };
		66760D5D29EA8642003755DA /* NSObject+Extension.swift */ = {isa = PBXFileReference; lastKnownFileType = sourcecode.swift; path = "NSObject+Extension.swift"; sourceTree = "<group>"; };
		66760D5F29EA89DD003755DA /* GetPopularMoviesResponseModel.swift */ = {isa = PBXFileReference; lastKnownFileType = sourcecode.swift; path = GetPopularMoviesResponseModel.swift; sourceTree = "<group>"; };
		66760D6129EA8E03003755DA /* UIViewController+Extension.swift */ = {isa = PBXFileReference; lastKnownFileType = sourcecode.swift; path = "UIViewController+Extension.swift"; sourceTree = "<group>"; };
		66760D6329EA8E9A003755DA /* String+Extension.swift */ = {isa = PBXFileReference; lastKnownFileType = sourcecode.swift; path = "String+Extension.swift"; sourceTree = "<group>"; };
/* End PBXFileReference section */

/* Begin PBXFrameworksBuildPhase section */
		66760CEA29EA7984003755DA /* Frameworks */ = {
			isa = PBXFrameworksBuildPhase;
			buildActionMask = 2147483647;
			files = (
			);
			runOnlyForDeploymentPostprocessing = 0;
		};
		66760D0029EA7988003755DA /* Frameworks */ = {
			isa = PBXFrameworksBuildPhase;
			buildActionMask = 2147483647;
			files = (
			);
			runOnlyForDeploymentPostprocessing = 0;
		};
		66760D0A29EA7988003755DA /* Frameworks */ = {
			isa = PBXFrameworksBuildPhase;
			buildActionMask = 2147483647;
			files = (
			);
			runOnlyForDeploymentPostprocessing = 0;
		};
/* End PBXFrameworksBuildPhase section */

/* Begin PBXGroup section */
		66760CE429EA7984003755DA = {
			isa = PBXGroup;
			children = (
				66760CEF29EA7984003755DA /* TMDB Assignment */,
				66760D0629EA7988003755DA /* TMDB AssignmentTests */,
				66760D1029EA7988003755DA /* TMDB AssignmentUITests */,
				66760CEE29EA7984003755DA /* Products */,
			);
			sourceTree = "<group>";
		};
		66760CEE29EA7984003755DA /* Products */ = {
			isa = PBXGroup;
			children = (
				66760CED29EA7984003755DA /* TMDB Assignment.app */,
				66760D0329EA7988003755DA /* TMDB AssignmentTests.xctest */,
				66760D0D29EA7988003755DA /* TMDB AssignmentUITests.xctest */,
			);
			name = Products;
			sourceTree = "<group>";
		};
		66760CEF29EA7984003755DA /* TMDB Assignment */ = {
			isa = PBXGroup;
			children = (
				66760D2029EA7C3C003755DA /* Screens */,
				66760D2129EA7C5D003755DA /* Storyboards */,
				66760D2229EA7C62003755DA /* Helpers */,
				66760D2329EA7C69003755DA /* Supporting Files */,
			);
			path = "TMDB Assignment";
			sourceTree = "<group>";
		};
		66760D0629EA7988003755DA /* TMDB AssignmentTests */ = {
			isa = PBXGroup;
			children = (
				66760D0729EA7988003755DA /* TMDB_AssignmentTests.swift */,
			);
			path = "TMDB AssignmentTests";
			sourceTree = "<group>";
		};
		66760D1029EA7988003755DA /* TMDB AssignmentUITests */ = {
			isa = PBXGroup;
			children = (
				66760D1129EA7988003755DA /* TMDB_AssignmentUITests.swift */,
				66760D1329EA7988003755DA /* TMDB_AssignmentUITestsLaunchTests.swift */,
			);
			path = "TMDB AssignmentUITests";
			sourceTree = "<group>";
		};
		66760D2029EA7C3C003755DA /* Screens */ = {
			isa = PBXGroup;
			children = (
				66760D2B29EA7F32003755DA /* MoviesList  */,
				66760D2E29EA7F87003755DA /* Search */,
				66760D3229EA7FAA003755DA /* MovieDetails */,
				66760D3329EA7FBB003755DA /* Favorites */,
			);
			path = Screens;
			sourceTree = "<group>";
		};
		66760D2129EA7C5D003755DA /* Storyboards */ = {
			isa = PBXGroup;
			children = (
				66760CF629EA7984003755DA /* Main.storyboard */,
				66760CFB29EA7987003755DA /* LaunchScreen.storyboard */,
			);
			path = Storyboards;
			sourceTree = "<group>";
		};
		66760D2229EA7C62003755DA /* Helpers */ = {
			isa = PBXGroup;
			children = (
				66760D5A29EA8539003755DA /* Extensions */,
				66760D4729EA8340003755DA /* Network */,
				66760D3A29EA80C0003755DA /* Utilities */,
				66760D2529EA7CA7003755DA /* Resources */,
			);
			path = Helpers;
			sourceTree = "<group>";
		};
		66760D2329EA7C69003755DA /* Supporting Files */ = {
			isa = PBXGroup;
			children = (
				66760CF029EA7984003755DA /* AppDelegate.swift */,
				66760CF229EA7984003755DA /* SceneDelegate.swift */,
			);
			path = "Supporting Files";
			sourceTree = "<group>";
		};
		66760D2529EA7CA7003755DA /* Resources */ = {
			isa = PBXGroup;
			children = (
				66760CF929EA7987003755DA /* Assets.xcassets */,
				66760CFE29EA7987003755DA /* Info.plist */,
			);
			path = Resources;
			sourceTree = "<group>";
		};
		66760D2929EA7F1D003755DA /*  Controllers */ = {
			isa = PBXGroup;
			children = (
				66760D2729EA7E22003755DA /* MoviesListViewController.swift */,
			);
			path = " Controllers";
			sourceTree = "<group>";
		};
		66760D2A29EA7F2D003755DA /* Models */ = {
			isa = PBXGroup;
			children = (
				66760D5F29EA89DD003755DA /* GetPopularMoviesResponseModel.swift */,
			);
			path = Models;
			sourceTree = "<group>";
		};
		66760D2B29EA7F32003755DA /* MoviesList  */ = {
			isa = PBXGroup;
			children = (
				66760D2A29EA7F2D003755DA /* Models */,
				66760D2D29EA7F5C003755DA /* Views */,
				66760D2929EA7F1D003755DA /*  Controllers */,
			);
			path = "MoviesList ";
			sourceTree = "<group>";
		};
		66760D2D29EA7F5C003755DA /* Views */ = {
			isa = PBXGroup;
			children = (
			);
			path = Views;
			sourceTree = "<group>";
		};
		66760D2E29EA7F87003755DA /* Search */ = {
			isa = PBXGroup;
			children = (
				66760D3129EA7FA2003755DA /* Models */,
				66760D3029EA7F9D003755DA /* Views */,
				66760D2F29EA7F97003755DA /* Controllers */,
			);
			path = Search;
			sourceTree = "<group>";
		};
		66760D2F29EA7F97003755DA /* Controllers */ = {
			isa = PBXGroup;
			children = (
			);
			path = Controllers;
			sourceTree = "<group>";
		};
		66760D3029EA7F9D003755DA /* Views */ = {
			isa = PBXGroup;
			children = (
			);
			path = Views;
			sourceTree = "<group>";
		};
		66760D3129EA7FA2003755DA /* Models */ = {
			isa = PBXGroup;
			children = (
			);
			path = Models;
			sourceTree = "<group>";
		};
		66760D3229EA7FAA003755DA /* MovieDetails */ = {
			isa = PBXGroup;
			children = (
				66760D3429EA7FD1003755DA /* Models */,
				66760D3529EA7FD9003755DA /* Views */,
				66760D3629EA7FDD003755DA /* Controllers */,
			);
			path = MovieDetails;
			sourceTree = "<group>";
		};
		66760D3329EA7FBB003755DA /* Favorites */ = {
			isa = PBXGroup;
			children = (
				66760D3729EA7FF3003755DA /* Models */,
				66760D3829EA7FF8003755DA /* Views */,
				66760D3929EA7FFC003755DA /* Controllers */,
			);
			path = Favorites;
			sourceTree = "<group>";
		};
		66760D3429EA7FD1003755DA /* Models */ = {
			isa = PBXGroup;
			children = (
			);
			path = Models;
			sourceTree = "<group>";
		};
		66760D3529EA7FD9003755DA /* Views */ = {
			isa = PBXGroup;
			children = (
			);
			path = Views;
			sourceTree = "<group>";
		};
		66760D3629EA7FDD003755DA /* Controllers */ = {
			isa = PBXGroup;
			children = (
			);
			path = Controllers;
			sourceTree = "<group>";
		};
		66760D3729EA7FF3003755DA /* Models */ = {
			isa = PBXGroup;
			children = (
			);
			path = Models;
			sourceTree = "<group>";
		};
		66760D3829EA7FF8003755DA /* Views */ = {
			isa = PBXGroup;
			children = (
			);
			path = Views;
			sourceTree = "<group>";
		};
		66760D3929EA7FFC003755DA /* Controllers */ = {
			isa = PBXGroup;
			children = (
			);
			path = Controllers;
			sourceTree = "<group>";
		};
		66760D3A29EA80C0003755DA /* Utilities */ = {
			isa = PBXGroup;
			children = (
				66760D3D29EA811D003755DA /* Common.swift */,
				66760D3B29EA811D003755DA /* Constants.swift */,
				66760D3C29EA811D003755DA /* ENUMs.swift */,
				66760D4029EA811E003755DA /* ModeSelection.swift */,
				66760D3F29EA811E003755DA /* Router.swift */,
				66760D5829EA84DB003755DA /* GeneralModels.swift */,
			);
			path = Utilities;
			sourceTree = "<group>";
		};
		66760D4729EA8340003755DA /* Network */ = {
			isa = PBXGroup;
			children = (
				66760D4829EA834C003755DA /* C-URL+Credentials.swift */,
				66760D4F29EA834F003755DA /* WebService.swift */,
				66760D4A29EA834D003755DA /* NetworkService.swift */,
				66760D4929EA834C003755DA /* ReachabilityTest.swift */,
			);
			path = Network;
			sourceTree = "<group>";
		};
		66760D5A29EA8539003755DA /* Extensions */ = {
			isa = PBXGroup;
			children = (
				66760D5B29EA8548003755DA /* Encodable+Extension.swift */,
				66760D5D29EA8642003755DA /* NSObject+Extension.swift */,
				66760D6129EA8E03003755DA /* UIViewController+Extension.swift */,
				66760D6329EA8E9A003755DA /* String+Extension.swift */,
			);
			path = Extensions;
			sourceTree = "<group>";
		};
/* End PBXGroup section */

/* Begin PBXNativeTarget section */
		66760CEC29EA7984003755DA /* TMDB Assignment */ = {
			isa = PBXNativeTarget;
			buildConfigurationList = 66760D1729EA7988003755DA /* Build configuration list for PBXNativeTarget "TMDB Assignment" */;
			buildPhases = (
				66760CE929EA7984003755DA /* Sources */,
				66760CEA29EA7984003755DA /* Frameworks */,
				66760CEB29EA7984003755DA /* Resources */,
			);
			buildRules = (
			);
			dependencies = (
			);
			name = "TMDB Assignment";
			productName = "TMDB Assignment";
			productReference = 66760CED29EA7984003755DA /* TMDB Assignment.app */;
			productType = "com.apple.product-type.application";
		};
		66760D0229EA7988003755DA /* TMDB AssignmentTests */ = {
			isa = PBXNativeTarget;
			buildConfigurationList = 66760D1A29EA7988003755DA /* Build configuration list for PBXNativeTarget "TMDB AssignmentTests" */;
			buildPhases = (
				66760CFF29EA7988003755DA /* Sources */,
				66760D0029EA7988003755DA /* Frameworks */,
				66760D0129EA7988003755DA /* Resources */,
			);
			buildRules = (
			);
			dependencies = (
				66760D0529EA7988003755DA /* PBXTargetDependency */,
			);
			name = "TMDB AssignmentTests";
			productName = "TMDB AssignmentTests";
			productReference = 66760D0329EA7988003755DA /* TMDB AssignmentTests.xctest */;
			productType = "com.apple.product-type.bundle.unit-test";
		};
		66760D0C29EA7988003755DA /* TMDB AssignmentUITests */ = {
			isa = PBXNativeTarget;
			buildConfigurationList = 66760D1D29EA7988003755DA /* Build configuration list for PBXNativeTarget "TMDB AssignmentUITests" */;
			buildPhases = (
				66760D0929EA7988003755DA /* Sources */,
				66760D0A29EA7988003755DA /* Frameworks */,
				66760D0B29EA7988003755DA /* Resources */,
			);
			buildRules = (
			);
			dependencies = (
				66760D0F29EA7988003755DA /* PBXTargetDependency */,
			);
			name = "TMDB AssignmentUITests";
			productName = "TMDB AssignmentUITests";
			productReference = 66760D0D29EA7988003755DA /* TMDB AssignmentUITests.xctest */;
			productType = "com.apple.product-type.bundle.ui-testing";
		};
/* End PBXNativeTarget section */

/* Begin PBXProject section */
		66760CE529EA7984003755DA /* Project object */ = {
			isa = PBXProject;
			attributes = {
				BuildIndependentTargetsInParallel = 1;
				LastSwiftUpdateCheck = 1400;
				LastUpgradeCheck = 1400;
				TargetAttributes = {
					66760CEC29EA7984003755DA = {
						CreatedOnToolsVersion = 14.0.1;
					};
					66760D0229EA7988003755DA = {
						CreatedOnToolsVersion = 14.0.1;
						TestTargetID = 66760CEC29EA7984003755DA;
					};
					66760D0C29EA7988003755DA = {
						CreatedOnToolsVersion = 14.0.1;
						TestTargetID = 66760CEC29EA7984003755DA;
					};
				};
			};
			buildConfigurationList = 66760CE829EA7984003755DA /* Build configuration list for PBXProject "TMDB Assignment" */;
			compatibilityVersion = "Xcode 14.0";
			developmentRegion = en;
			hasScannedForEncodings = 0;
			knownRegions = (
				en,
				Base,
			);
			mainGroup = 66760CE429EA7984003755DA;
			productRefGroup = 66760CEE29EA7984003755DA /* Products */;
			projectDirPath = "";
			projectRoot = "";
			targets = (
				66760CEC29EA7984003755DA /* TMDB Assignment */,
				66760D0229EA7988003755DA /* TMDB AssignmentTests */,
				66760D0C29EA7988003755DA /* TMDB AssignmentUITests */,
			);
		};
/* End PBXProject section */

/* Begin PBXResourcesBuildPhase section */
		66760CEB29EA7984003755DA /* Resources */ = {
			isa = PBXResourcesBuildPhase;
			buildActionMask = 2147483647;
			files = (
				66760CFD29EA7987003755DA /* LaunchScreen.storyboard in Resources */,
				66760CFA29EA7987003755DA /* Assets.xcassets in Resources */,
				66760CF829EA7984003755DA /* Main.storyboard in Resources */,
			);
			runOnlyForDeploymentPostprocessing = 0;
		};
		66760D0129EA7988003755DA /* Resources */ = {
			isa = PBXResourcesBuildPhase;
			buildActionMask = 2147483647;
			files = (
			);
			runOnlyForDeploymentPostprocessing = 0;
		};
		66760D0B29EA7988003755DA /* Resources */ = {
			isa = PBXResourcesBuildPhase;
			buildActionMask = 2147483647;
			files = (
			);
			runOnlyForDeploymentPostprocessing = 0;
		};
/* End PBXResourcesBuildPhase section */

/* Begin PBXSourcesBuildPhase section */
		66760CE929EA7984003755DA /* Sources */ = {
			isa = PBXSourcesBuildPhase;
			buildActionMask = 2147483647;
			files = (
				66760D5929EA84DB003755DA /* GeneralModels.swift in Sources */,
				66760D5229EA834F003755DA /* NetworkService.swift in Sources */,
				66760D4529EA811E003755DA /* Router.swift in Sources */,
				66760D5C29EA8548003755DA /* Encodable+Extension.swift in Sources */,
				66760D6229EA8E03003755DA /* UIViewController+Extension.swift in Sources */,
				66760D6029EA89DD003755DA /* GetPopularMoviesResponseModel.swift in Sources */,
				66760D4629EA811E003755DA /* ModeSelection.swift in Sources */,
				66760D5E29EA8642003755DA /* NSObject+Extension.swift in Sources */,
				66760D5129EA834F003755DA /* ReachabilityTest.swift in Sources */,
				66760D5029EA834F003755DA /* C-URL+Credentials.swift in Sources */,
				66760D6429EA8E9A003755DA /* String+Extension.swift in Sources */,
				66760CF129EA7984003755DA /* AppDelegate.swift in Sources */,
				66760CF329EA7984003755DA /* SceneDelegate.swift in Sources */,
				66760D2829EA7E22003755DA /* MoviesListViewController.swift in Sources */,
				66760D4229EA811E003755DA /* ENUMs.swift in Sources */,
				66760D4329EA811E003755DA /* Common.swift in Sources */,
				66760D5729EA834F003755DA /* WebService.swift in Sources */,
				66760D4129EA811E003755DA /* Constants.swift in Sources */,
			);
			runOnlyForDeploymentPostprocessing = 0;
		};
		66760CFF29EA7988003755DA /* Sources */ = {
			isa = PBXSourcesBuildPhase;
			buildActionMask = 2147483647;
			files = (
				66760D0829EA7988003755DA /* TMDB_AssignmentTests.swift in Sources */,
			);
			runOnlyForDeploymentPostprocessing = 0;
		};
		66760D0929EA7988003755DA /* Sources */ = {
			isa = PBXSourcesBuildPhase;
			buildActionMask = 2147483647;
			files = (
				66760D1429EA7988003755DA /* TMDB_AssignmentUITestsLaunchTests.swift in Sources */,
				66760D1229EA7988003755DA /* TMDB_AssignmentUITests.swift in Sources */,
			);
			runOnlyForDeploymentPostprocessing = 0;
		};
/* End PBXSourcesBuildPhase section */

/* Begin PBXTargetDependency section */
		66760D0529EA7988003755DA /* PBXTargetDependency */ = {
			isa = PBXTargetDependency;
			target = 66760CEC29EA7984003755DA /* TMDB Assignment */;
			targetProxy = 66760D0429EA7988003755DA /* PBXContainerItemProxy */;
		};
		66760D0F29EA7988003755DA /* PBXTargetDependency */ = {
			isa = PBXTargetDependency;
			target = 66760CEC29EA7984003755DA /* TMDB Assignment */;
			targetProxy = 66760D0E29EA7988003755DA /* PBXContainerItemProxy */;
		};
/* End PBXTargetDependency section */

/* Begin PBXVariantGroup section */
		66760CF629EA7984003755DA /* Main.storyboard */ = {
			isa = PBXVariantGroup;
			children = (
				66760CF729EA7984003755DA /* Base */,
			);
			name = Main.storyboard;
			sourceTree = "<group>";
		};
		66760CFB29EA7987003755DA /* LaunchScreen.storyboard */ = {
			isa = PBXVariantGroup;
			children = (
				66760CFC29EA7987003755DA /* Base */,
			);
			name = LaunchScreen.storyboard;
			sourceTree = "<group>";
		};
/* End PBXVariantGroup section */

/* Begin XCBuildConfiguration section */
		66760D1529EA7988003755DA /* Debug */ = {
			isa = XCBuildConfiguration;
			buildSettings = {
				ALWAYS_SEARCH_USER_PATHS = NO;
				CLANG_ANALYZER_NONNULL = YES;
				CLANG_ANALYZER_NUMBER_OBJECT_CONVERSION = YES_AGGRESSIVE;
				CLANG_CXX_LANGUAGE_STANDARD = "gnu++20";
				CLANG_ENABLE_MODULES = YES;
				CLANG_ENABLE_OBJC_ARC = YES;
				CLANG_ENABLE_OBJC_WEAK = YES;
				CLANG_WARN_BLOCK_CAPTURE_AUTORELEASING = YES;
				CLANG_WARN_BOOL_CONVERSION = YES;
				CLANG_WARN_COMMA = YES;
				CLANG_WARN_CONSTANT_CONVERSION = YES;
				CLANG_WARN_DEPRECATED_OBJC_IMPLEMENTATIONS = YES;
				CLANG_WARN_DIRECT_OBJC_ISA_USAGE = YES_ERROR;
				CLANG_WARN_DOCUMENTATION_COMMENTS = YES;
				CLANG_WARN_EMPTY_BODY = YES;
				CLANG_WARN_ENUM_CONVERSION = YES;
				CLANG_WARN_INFINITE_RECURSION = YES;
				CLANG_WARN_INT_CONVERSION = YES;
				CLANG_WARN_NON_LITERAL_NULL_CONVERSION = YES;
				CLANG_WARN_OBJC_IMPLICIT_RETAIN_SELF = YES;
				CLANG_WARN_OBJC_LITERAL_CONVERSION = YES;
				CLANG_WARN_OBJC_ROOT_CLASS = YES_ERROR;
				CLANG_WARN_QUOTED_INCLUDE_IN_FRAMEWORK_HEADER = YES;
				CLANG_WARN_RANGE_LOOP_ANALYSIS = YES;
				CLANG_WARN_STRICT_PROTOTYPES = YES;
				CLANG_WARN_SUSPICIOUS_MOVE = YES;
				CLANG_WARN_UNGUARDED_AVAILABILITY = YES_AGGRESSIVE;
				CLANG_WARN_UNREACHABLE_CODE = YES;
				CLANG_WARN__DUPLICATE_METHOD_MATCH = YES;
				COPY_PHASE_STRIP = NO;
				DEBUG_INFORMATION_FORMAT = dwarf;
				ENABLE_STRICT_OBJC_MSGSEND = YES;
				ENABLE_TESTABILITY = YES;
				GCC_C_LANGUAGE_STANDARD = gnu11;
				GCC_DYNAMIC_NO_PIC = NO;
				GCC_NO_COMMON_BLOCKS = YES;
				GCC_OPTIMIZATION_LEVEL = 0;
				GCC_PREPROCESSOR_DEFINITIONS = (
					"DEBUG=1",
					"$(inherited)",
				);
				GCC_WARN_64_TO_32_BIT_CONVERSION = YES;
				GCC_WARN_ABOUT_RETURN_TYPE = YES_ERROR;
				GCC_WARN_UNDECLARED_SELECTOR = YES;
				GCC_WARN_UNINITIALIZED_AUTOS = YES_AGGRESSIVE;
				GCC_WARN_UNUSED_FUNCTION = YES;
				GCC_WARN_UNUSED_VARIABLE = YES;
				IPHONEOS_DEPLOYMENT_TARGET = 16.0;
				MTL_ENABLE_DEBUG_INFO = INCLUDE_SOURCE;
				MTL_FAST_MATH = YES;
				ONLY_ACTIVE_ARCH = YES;
				SDKROOT = iphoneos;
				SWIFT_ACTIVE_COMPILATION_CONDITIONS = DEBUG;
				SWIFT_OPTIMIZATION_LEVEL = "-Onone";
			};
			name = Debug;
		};
		66760D1629EA7988003755DA /* Release */ = {
			isa = XCBuildConfiguration;
			buildSettings = {
				ALWAYS_SEARCH_USER_PATHS = NO;
				CLANG_ANALYZER_NONNULL = YES;
				CLANG_ANALYZER_NUMBER_OBJECT_CONVERSION = YES_AGGRESSIVE;
				CLANG_CXX_LANGUAGE_STANDARD = "gnu++20";
				CLANG_ENABLE_MODULES = YES;
				CLANG_ENABLE_OBJC_ARC = YES;
				CLANG_ENABLE_OBJC_WEAK = YES;
				CLANG_WARN_BLOCK_CAPTURE_AUTORELEASING = YES;
				CLANG_WARN_BOOL_CONVERSION = YES;
				CLANG_WARN_COMMA = YES;
				CLANG_WARN_CONSTANT_CONVERSION = YES;
				CLANG_WARN_DEPRECATED_OBJC_IMPLEMENTATIONS = YES;
				CLANG_WARN_DIRECT_OBJC_ISA_USAGE = YES_ERROR;
				CLANG_WARN_DOCUMENTATION_COMMENTS = YES;
				CLANG_WARN_EMPTY_BODY = YES;
				CLANG_WARN_ENUM_CONVERSION = YES;
				CLANG_WARN_INFINITE_RECURSION = YES;
				CLANG_WARN_INT_CONVERSION = YES;
				CLANG_WARN_NON_LITERAL_NULL_CONVERSION = YES;
				CLANG_WARN_OBJC_IMPLICIT_RETAIN_SELF = YES;
				CLANG_WARN_OBJC_LITERAL_CONVERSION = YES;
				CLANG_WARN_OBJC_ROOT_CLASS = YES_ERROR;
				CLANG_WARN_QUOTED_INCLUDE_IN_FRAMEWORK_HEADER = YES;
				CLANG_WARN_RANGE_LOOP_ANALYSIS = YES;
				CLANG_WARN_STRICT_PROTOTYPES = YES;
				CLANG_WARN_SUSPICIOUS_MOVE = YES;
				CLANG_WARN_UNGUARDED_AVAILABILITY = YES_AGGRESSIVE;
				CLANG_WARN_UNREACHABLE_CODE = YES;
				CLANG_WARN__DUPLICATE_METHOD_MATCH = YES;
				COPY_PHASE_STRIP = NO;
				DEBUG_INFORMATION_FORMAT = "dwarf-with-dsym";
				ENABLE_NS_ASSERTIONS = NO;
				ENABLE_STRICT_OBJC_MSGSEND = YES;
				GCC_C_LANGUAGE_STANDARD = gnu11;
				GCC_NO_COMMON_BLOCKS = YES;
				GCC_WARN_64_TO_32_BIT_CONVERSION = YES;
				GCC_WARN_ABOUT_RETURN_TYPE = YES_ERROR;
				GCC_WARN_UNDECLARED_SELECTOR = YES;
				GCC_WARN_UNINITIALIZED_AUTOS = YES_AGGRESSIVE;
				GCC_WARN_UNUSED_FUNCTION = YES;
				GCC_WARN_UNUSED_VARIABLE = YES;
				IPHONEOS_DEPLOYMENT_TARGET = 16.0;
				MTL_ENABLE_DEBUG_INFO = NO;
				MTL_FAST_MATH = YES;
				SDKROOT = iphoneos;
				SWIFT_COMPILATION_MODE = wholemodule;
				SWIFT_OPTIMIZATION_LEVEL = "-O";
				VALIDATE_PRODUCT = YES;
			};
			name = Release;
		};
		66760D1829EA7988003755DA /* Debug */ = {
			isa = XCBuildConfiguration;
			buildSettings = {
				ASSETCATALOG_COMPILER_APPICON_NAME = AppIcon;
				ASSETCATALOG_COMPILER_GLOBAL_ACCENT_COLOR_NAME = AccentColor;
				CODE_SIGN_STYLE = Automatic;
				CURRENT_PROJECT_VERSION = 1;
				GENERATE_INFOPLIST_FILE = YES;
				INFOPLIST_FILE = "TMDB Assignment/Helpers/Resources/Info.plist";
				INFOPLIST_KEY_UIApplicationSupportsIndirectInputEvents = YES;
				INFOPLIST_KEY_UILaunchStoryboardName = LaunchScreen;
				INFOPLIST_KEY_UIMainStoryboardFile = Main;
				INFOPLIST_KEY_UISupportedInterfaceOrientations_iPad = "UIInterfaceOrientationPortrait UIInterfaceOrientationPortraitUpsideDown UIInterfaceOrientationLandscapeLeft UIInterfaceOrientationLandscapeRight";
				INFOPLIST_KEY_UISupportedInterfaceOrientations_iPhone = "UIInterfaceOrientationPortrait UIInterfaceOrientationLandscapeLeft UIInterfaceOrientationLandscapeRight";
				LD_RUNPATH_SEARCH_PATHS = (
					"$(inherited)",
					"@executable_path/Frameworks",
				);
				MARKETING_VERSION = 1.0;
				PRODUCT_BUNDLE_IDENTIFIER = "com.test.TMDB-Assignment";
				PRODUCT_NAME = "$(TARGET_NAME)";
				SWIFT_EMIT_LOC_STRINGS = YES;
				SWIFT_VERSION = 5.0;
				TARGETED_DEVICE_FAMILY = "1,2";
			};
			name = Debug;
		};
		66760D1929EA7988003755DA /* Release */ = {
			isa = XCBuildConfiguration;
			buildSettings = {
				ASSETCATALOG_COMPILER_APPICON_NAME = AppIcon;
				ASSETCATALOG_COMPILER_GLOBAL_ACCENT_COLOR_NAME = AccentColor;
				CODE_SIGN_STYLE = Automatic;
				CURRENT_PROJECT_VERSION = 1;
				GENERATE_INFOPLIST_FILE = YES;
				INFOPLIST_FILE = "TMDB Assignment/Helpers/Resources/Info.plist";
				INFOPLIST_KEY_UIApplicationSupportsIndirectInputEvents = YES;
				INFOPLIST_KEY_UILaunchStoryboardName = LaunchScreen;
				INFOPLIST_KEY_UIMainStoryboardFile = Main;
				INFOPLIST_KEY_UISupportedInterfaceOrientations_iPad = "UIInterfaceOrientationPortrait UIInterfaceOrientationPortraitUpsideDown UIInterfaceOrientationLandscapeLeft UIInterfaceOrientationLandscapeRight";
				INFOPLIST_KEY_UISupportedInterfaceOrientations_iPhone = "UIInterfaceOrientationPortrait UIInterfaceOrientationLandscapeLeft UIInterfaceOrientationLandscapeRight";
				LD_RUNPATH_SEARCH_PATHS = (
					"$(inherited)",
					"@executable_path/Frameworks",
				);
				MARKETING_VERSION = 1.0;
				PRODUCT_BUNDLE_IDENTIFIER = "com.test.TMDB-Assignment";
				PRODUCT_NAME = "$(TARGET_NAME)";
				SWIFT_EMIT_LOC_STRINGS = YES;
				SWIFT_VERSION = 5.0;
				TARGETED_DEVICE_FAMILY = "1,2";
			};
			name = Release;
		};
		66760D1B29EA7988003755DA /* Debug */ = {
			isa = XCBuildConfiguration;
			buildSettings = {
				ALWAYS_EMBED_SWIFT_STANDARD_LIBRARIES = YES;
				BUNDLE_LOADER = "$(TEST_HOST)";
				CODE_SIGN_STYLE = Automatic;
				CURRENT_PROJECT_VERSION = 1;
				GENERATE_INFOPLIST_FILE = YES;
				IPHONEOS_DEPLOYMENT_TARGET = 16.0;
				MARKETING_VERSION = 1.0;
				PRODUCT_BUNDLE_IDENTIFIER = "com.test.TMDB-AssignmentTests";
				PRODUCT_NAME = "$(TARGET_NAME)";
				SWIFT_EMIT_LOC_STRINGS = NO;
				SWIFT_VERSION = 5.0;
				TARGETED_DEVICE_FAMILY = "1,2";
				TEST_HOST = "$(BUILT_PRODUCTS_DIR)/TMDB Assignment.app/$(BUNDLE_EXECUTABLE_FOLDER_PATH)/TMDB Assignment";
			};
			name = Debug;
		};
		66760D1C29EA7988003755DA /* Release */ = {
			isa = XCBuildConfiguration;
			buildSettings = {
				ALWAYS_EMBED_SWIFT_STANDARD_LIBRARIES = YES;
				BUNDLE_LOADER = "$(TEST_HOST)";
				CODE_SIGN_STYLE = Automatic;
				CURRENT_PROJECT_VERSION = 1;
				GENERATE_INFOPLIST_FILE = YES;
				IPHONEOS_DEPLOYMENT_TARGET = 16.0;
				MARKETING_VERSION = 1.0;
				PRODUCT_BUNDLE_IDENTIFIER = "com.test.TMDB-AssignmentTests";
				PRODUCT_NAME = "$(TARGET_NAME)";
				SWIFT_EMIT_LOC_STRINGS = NO;
				SWIFT_VERSION = 5.0;
				TARGETED_DEVICE_FAMILY = "1,2";
				TEST_HOST = "$(BUILT_PRODUCTS_DIR)/TMDB Assignment.app/$(BUNDLE_EXECUTABLE_FOLDER_PATH)/TMDB Assignment";
			};
			name = Release;
		};
		66760D1E29EA7988003755DA /* Debug */ = {
			isa = XCBuildConfiguration;
			buildSettings = {
				ALWAYS_EMBED_SWIFT_STANDARD_LIBRARIES = YES;
				CODE_SIGN_STYLE = Automatic;
				CURRENT_PROJECT_VERSION = 1;
				GENERATE_INFOPLIST_FILE = YES;
				MARKETING_VERSION = 1.0;
				PRODUCT_BUNDLE_IDENTIFIER = "com.test.TMDB-AssignmentUITests";
				PRODUCT_NAME = "$(TARGET_NAME)";
				SWIFT_EMIT_LOC_STRINGS = NO;
				SWIFT_VERSION = 5.0;
				TARGETED_DEVICE_FAMILY = "1,2";
				TEST_TARGET_NAME = "TMDB Assignment";
			};
			name = Debug;
		};
		66760D1F29EA7988003755DA /* Release */ = {
			isa = XCBuildConfiguration;
			buildSettings = {
				ALWAYS_EMBED_SWIFT_STANDARD_LIBRARIES = YES;
				CODE_SIGN_STYLE = Automatic;
				CURRENT_PROJECT_VERSION = 1;
				GENERATE_INFOPLIST_FILE = YES;
				MARKETING_VERSION = 1.0;
				PRODUCT_BUNDLE_IDENTIFIER = "com.test.TMDB-AssignmentUITests";
				PRODUCT_NAME = "$(TARGET_NAME)";
				SWIFT_EMIT_LOC_STRINGS = NO;
				SWIFT_VERSION = 5.0;
				TARGETED_DEVICE_FAMILY = "1,2";
				TEST_TARGET_NAME = "TMDB Assignment";
			};
			name = Release;
		};
/* End XCBuildConfiguration section */

/* Begin XCConfigurationList section */
		66760CE829EA7984003755DA /* Build configuration list for PBXProject "TMDB Assignment" */ = {
			isa = XCConfigurationList;
			buildConfigurations = (
				66760D1529EA7988003755DA /* Debug */,
				66760D1629EA7988003755DA /* Release */,
			);
			defaultConfigurationIsVisible = 0;
			defaultConfigurationName = Release;
		};
		66760D1729EA7988003755DA /* Build configuration list for PBXNativeTarget "TMDB Assignment" */ = {
			isa = XCConfigurationList;
			buildConfigurations = (
				66760D1829EA7988003755DA /* Debug */,
				66760D1929EA7988003755DA /* Release */,
			);
			defaultConfigurationIsVisible = 0;
			defaultConfigurationName = Release;
		};
		66760D1A29EA7988003755DA /* Build configuration list for PBXNativeTarget "TMDB AssignmentTests" */ = {
			isa = XCConfigurationList;
			buildConfigurations = (
				66760D1B29EA7988003755DA /* Debug */,
				66760D1C29EA7988003755DA /* Release */,
			);
			defaultConfigurationIsVisible = 0;
			defaultConfigurationName = Release;
		};
		66760D1D29EA7988003755DA /* Build configuration list for PBXNativeTarget "TMDB AssignmentUITests" */ = {
			isa = XCConfigurationList;
			buildConfigurations = (
				66760D1E29EA7988003755DA /* Debug */,
				66760D1F29EA7988003755DA /* Release */,
			);
			defaultConfigurationIsVisible = 0;
			defaultConfigurationName = Release;
		};
/* End XCConfigurationList section */
	};
	rootObject = 66760CE529EA7984003755DA /* Project object */;
}
